
Microsoft Visual Studio Solution File, Format Version 12.00
# Visual Studio Version 17
VisualStudioVersion = 17.5.33627.172
MinimumVisualStudioVersion = 10.0.40219.1
Project("{FAE04EC0-301F-11D3-BF4B-00C04F79EFBC}") = "CMPG223_Group_13", "CMPG223_Group_13.csproj", "{35BB3CFA-2410-44D8-BBAE-6208E434B222}"
EndProject
Global
	GlobalSection(SolutionConfigurationPlatforms) = preSolution
		Debug|Any CPU = Debug|Any CPU
		Release|Any CPU = Release|Any CPU
	EndGlobalSection
	GlobalSection(ProjectConfigurationPlatforms) = postSolution
		{35BB3CFA-2410-44D8-BBAE-6208E434B222}.Debug|Any CPU.ActiveCfg = Debug|Any CPU
		{35BB3CFA-2410-44D8-BBAE-6208E434B222}.Debug|Any CPU.Build.0 = Debug|Any CPU
		{35BB3CFA-2410-44D8-BBAE-6208E434B222}.Release|Any CPU.ActiveCfg = Release|Any CPU
		{35BB3CFA-2410-44D8-BBAE-6208E434B222}.Release|Any CPU.Build.0 = Release|Any CPU
	EndGlobalSection
	GlobalSection(SolutionProperties) = preSolution
		HideSolutionNode = FALSE
	EndGlobalSection
	GlobalSection(ExtensibilityGlobals) = postSolution
		SolutionGuid = {08B86ADF-D57D-4F3E-953A-C27BE6EE6438}
	EndGlobalSection
EndGlobal
